<?xml version="1.0" encoding="UTF-8" standalone="yes" ?>
<CodeBlocks_project_file>
   <FileVersion major="1" minor="6" />
   <Project>
      <Option title="timew" />
      <Option makefile_is_custom="1" />
      <Option compiler="gcc" />
      <Option virtualFolders="CMake Files\;CMake Files\cmake\;CMake Files\src\;CMake Files\src\commands\;CMake Files\doc\;CMake Files\doc\man\;CMake Files\doc\holidays\;CMake Files\doc\themes\;CMake Files\ext\;CMake Files\test\;" />
      <Build>
      <Target title="all">
         <Option working_dir="/home/lauft/Projects/timew" />
         <Option type="4" />
         <MakeCommands>
            <Build command="/usr/bin/make -f &quot;/home/lauft/Projects/timew/Makefile&quot;  VERBOSE=1 all" />
            <CompileFile command="/usr/bin/make -f &quot;/home/lauft/Projects/timew/Makefile&quot;  VERBOSE=1 &quot;$file&quot;" />
            <Clean command="/usr/bin/make -f &quot;/home/lauft/Projects/timew/Makefile&quot;  VERBOSE=1 clean" />
            <DistClean command="/usr/bin/make -f &quot;/home/lauft/Projects/timew/Makefile&quot;  VERBOSE=1 clean" />
         </MakeCommands>
      </Target>
      <Target title="edit_cache">
         <Option working_dir="/home/lauft/Projects/timew" />
         <Option type="4" />
         <MakeCommands>
            <Build command="/usr/bin/make -f &quot;/home/lauft/Projects/timew/Makefile&quot;  VERBOSE=1 edit_cache" />
            <CompileFile command="/usr/bin/make -f &quot;/home/lauft/Projects/timew/Makefile&quot;  VERBOSE=1 &quot;$file&quot;" />
            <Clean command="/usr/bin/make -f &quot;/home/lauft/Projects/timew/Makefile&quot;  VERBOSE=1 clean" />
            <DistClean command="/usr/bin/make -f &quot;/home/lauft/Projects/timew/Makefile&quot;  VERBOSE=1 clean" />
         </MakeCommands>
      </Target>
      <Target title="package_source">
         <Option working_dir="/home/lauft/Projects/timew" />
         <Option type="4" />
         <MakeCommands>
            <Build command="/usr/bin/make -f &quot;/home/lauft/Projects/timew/Makefile&quot;  VERBOSE=1 package_source" />
            <CompileFile command="/usr/bin/make -f &quot;/home/lauft/Projects/timew/Makefile&quot;  VERBOSE=1 &quot;$file&quot;" />
            <Clean command="/usr/bin/make -f &quot;/home/lauft/Projects/timew/Makefile&quot;  VERBOSE=1 clean" />
            <DistClean command="/usr/bin/make -f &quot;/home/lauft/Projects/timew/Makefile&quot;  VERBOSE=1 clean" />
         </MakeCommands>
      </Target>
      <Target title="rebuild_cache">
         <Option working_dir="/home/lauft/Projects/timew" />
         <Option type="4" />
         <MakeCommands>
            <Build command="/usr/bin/make -f &quot;/home/lauft/Projects/timew/Makefile&quot;  VERBOSE=1 rebuild_cache" />
            <CompileFile command="/usr/bin/make -f &quot;/home/lauft/Projects/timew/Makefile&quot;  VERBOSE=1 &quot;$file&quot;" />
            <Clean command="/usr/bin/make -f &quot;/home/lauft/Projects/timew/Makefile&quot;  VERBOSE=1 clean" />
            <DistClean command="/usr/bin/make -f &quot;/home/lauft/Projects/timew/Makefile&quot;  VERBOSE=1 clean" />
         </MakeCommands>
      </Target>
      <Target title="package">
         <Option working_dir="/home/lauft/Projects/timew" />
         <Option type="4" />
         <MakeCommands>
            <Build command="/usr/bin/make -f &quot;/home/lauft/Projects/timew/Makefile&quot;  VERBOSE=1 package" />
            <CompileFile command="/usr/bin/make -f &quot;/home/lauft/Projects/timew/Makefile&quot;  VERBOSE=1 &quot;$file&quot;" />
            <Clean command="/usr/bin/make -f &quot;/home/lauft/Projects/timew/Makefile&quot;  VERBOSE=1 clean" />
            <DistClean command="/usr/bin/make -f &quot;/home/lauft/Projects/timew/Makefile&quot;  VERBOSE=1 clean" />
         </MakeCommands>
      </Target>
      <Target title="install/strip">
         <Option working_dir="/home/lauft/Projects/timew" />
         <Option type="4" />
         <MakeCommands>
            <Build command="/usr/bin/make -f &quot;/home/lauft/Projects/timew/Makefile&quot;  VERBOSE=1 install/strip" />
            <CompileFile command="/usr/bin/make -f &quot;/home/lauft/Projects/timew/Makefile&quot;  VERBOSE=1 &quot;$file&quot;" />
            <Clean command="/usr/bin/make -f &quot;/home/lauft/Projects/timew/Makefile&quot;  VERBOSE=1 clean" />
            <DistClean command="/usr/bin/make -f &quot;/home/lauft/Projects/timew/Makefile&quot;  VERBOSE=1 clean" />
         </MakeCommands>
      </Target>
      <Target title="install/local">
         <Option working_dir="/home/lauft/Projects/timew" />
         <Option type="4" />
         <MakeCommands>
            <Build command="/usr/bin/make -f &quot;/home/lauft/Projects/timew/Makefile&quot;  VERBOSE=1 install/local" />
            <CompileFile command="/usr/bin/make -f &quot;/home/lauft/Projects/timew/Makefile&quot;  VERBOSE=1 &quot;$file&quot;" />
            <Clean command="/usr/bin/make -f &quot;/home/lauft/Projects/timew/Makefile&quot;  VERBOSE=1 clean" />
            <DistClean command="/usr/bin/make -f &quot;/home/lauft/Projects/timew/Makefile&quot;  VERBOSE=1 clean" />
         </MakeCommands>
      </Target>
      <Target title="list_install_components">
         <Option working_dir="/home/lauft/Projects/timew" />
         <Option type="4" />
         <MakeCommands>
            <Build command="/usr/bin/make -f &quot;/home/lauft/Projects/timew/Makefile&quot;  VERBOSE=1 list_install_components" />
            <CompileFile command="/usr/bin/make -f &quot;/home/lauft/Projects/timew/Makefile&quot;  VERBOSE=1 &quot;$file&quot;" />
            <Clean command="/usr/bin/make -f &quot;/home/lauft/Projects/timew/Makefile&quot;  VERBOSE=1 clean" />
            <DistClean command="/usr/bin/make -f &quot;/home/lauft/Projects/timew/Makefile&quot;  VERBOSE=1 clean" />
         </MakeCommands>
      </Target>
      <Target title="install">
         <Option working_dir="/home/lauft/Projects/timew" />
         <Option type="4" />
         <MakeCommands>
            <Build command="/usr/bin/make -f &quot;/home/lauft/Projects/timew/Makefile&quot;  VERBOSE=1 install" />
            <CompileFile command="/usr/bin/make -f &quot;/home/lauft/Projects/timew/Makefile&quot;  VERBOSE=1 &quot;$file&quot;" />
            <Clean command="/usr/bin/make -f &quot;/home/lauft/Projects/timew/Makefile&quot;  VERBOSE=1 clean" />
            <DistClean command="/usr/bin/make -f &quot;/home/lauft/Projects/timew/Makefile&quot;  VERBOSE=1 clean" />
         </MakeCommands>
      </Target>
      <Target title="timew_executable">
         <Option output="/home/lauft/Projects/timew/src/timew" prefix_auto="0" extension_auto="0" />
         <Option working_dir="/home/lauft/Projects/timew/src" />
         <Option object_output="./" />
         <Option type="1" />
         <Option compiler="gcc" />
         <Compiler>
            <Add directory="/home/lauft/Projects/timew" />
            <Add directory="/home/lauft/Projects/timew/src" />
            <Add directory="/home/lauft/Projects/timew/src/commands" />
            <Add directory="/home/lauft/Projects/timew/src/libshared/src" />
            <Add directory="/usr/include" />
            <Add directory="/usr/include/c++/5" />
            <Add directory="/usr/include/c++/5/backward" />
            <Add directory="/usr/include/x86_64-linux-gnu" />
            <Add directory="/usr/include/x86_64-linux-gnu/c++/5" />
            <Add directory="/usr/lib/gcc/x86_64-linux-gnu/5/include" />
            <Add directory="/usr/lib/gcc/x86_64-linux-gnu/5/include-fixed" />
            <Add directory="/usr/local/include" />
         </Compiler>
         <MakeCommands>
            <Build command="/usr/bin/make -f &quot;/home/lauft/Projects/timew/src/Makefile&quot;  VERBOSE=1 timew_executable" />
            <CompileFile command="/usr/bin/make -f &quot;/home/lauft/Projects/timew/src/Makefile&quot;  VERBOSE=1 &quot;$file&quot;" />
            <Clean command="/usr/bin/make -f &quot;/home/lauft/Projects/timew/src/Makefile&quot;  VERBOSE=1 clean" />
            <DistClean command="/usr/bin/make -f &quot;/home/lauft/Projects/timew/src/Makefile&quot;  VERBOSE=1 clean" />
         </MakeCommands>
      </Target>
      <Target title="timew_executable/fast">
         <Option output="/home/lauft/Projects/timew/src/timew" prefix_auto="0" extension_auto="0" />
         <Option working_dir="/home/lauft/Projects/timew/src" />
         <Option object_output="./" />
         <Option type="1" />
         <Option compiler="gcc" />
         <Compiler>
            <Add directory="/home/lauft/Projects/timew" />
            <Add directory="/home/lauft/Projects/timew/src" />
            <Add directory="/home/lauft/Projects/timew/src/commands" />
            <Add directory="/home/lauft/Projects/timew/src/libshared/src" />
            <Add directory="/usr/include" />
            <Add directory="/usr/include/c++/5" />
            <Add directory="/usr/include/c++/5/backward" />
            <Add directory="/usr/include/x86_64-linux-gnu" />
            <Add directory="/usr/include/x86_64-linux-gnu/c++/5" />
            <Add directory="/usr/lib/gcc/x86_64-linux-gnu/5/include" />
            <Add directory="/usr/lib/gcc/x86_64-linux-gnu/5/include-fixed" />
            <Add directory="/usr/local/include" />
         </Compiler>
         <MakeCommands>
            <Build command="/usr/bin/make -f &quot;/home/lauft/Projects/timew/src/Makefile&quot;  VERBOSE=1 timew_executable/fast" />
            <CompileFile command="/usr/bin/make -f &quot;/home/lauft/Projects/timew/src/Makefile&quot;  VERBOSE=1 &quot;$file&quot;" />
            <Clean command="/usr/bin/make -f &quot;/home/lauft/Projects/timew/src/Makefile&quot;  VERBOSE=1 clean" />
            <DistClean command="/usr/bin/make -f &quot;/home/lauft/Projects/timew/src/Makefile&quot;  VERBOSE=1 clean" />
         </MakeCommands>
      </Target>
      <Target title="lex_executable">
         <Option output="/home/lauft/Projects/timew/src/lex" prefix_auto="0" extension_auto="0" />
         <Option working_dir="/home/lauft/Projects/timew/src" />
         <Option object_output="./" />
         <Option type="1" />
         <Option compiler="gcc" />
         <Compiler>
            <Add directory="/home/lauft/Projects/timew" />
            <Add directory="/home/lauft/Projects/timew/src" />
            <Add directory="/home/lauft/Projects/timew/src/commands" />
            <Add directory="/home/lauft/Projects/timew/src/libshared/src" />
            <Add directory="/usr/include" />
            <Add directory="/usr/include/c++/5" />
            <Add directory="/usr/include/c++/5/backward" />
            <Add directory="/usr/include/x86_64-linux-gnu" />
            <Add directory="/usr/include/x86_64-linux-gnu/c++/5" />
            <Add directory="/usr/lib/gcc/x86_64-linux-gnu/5/include" />
            <Add directory="/usr/lib/gcc/x86_64-linux-gnu/5/include-fixed" />
            <Add directory="/usr/local/include" />
         </Compiler>
         <MakeCommands>
            <Build command="/usr/bin/make -f &quot;/home/lauft/Projects/timew/src/Makefile&quot;  VERBOSE=1 lex_executable" />
            <CompileFile command="/usr/bin/make -f &quot;/home/lauft/Projects/timew/src/Makefile&quot;  VERBOSE=1 &quot;$file&quot;" />
            <Clean command="/usr/bin/make -f &quot;/home/lauft/Projects/timew/src/Makefile&quot;  VERBOSE=1 clean" />
            <DistClean command="/usr/bin/make -f &quot;/home/lauft/Projects/timew/src/Makefile&quot;  VERBOSE=1 clean" />
         </MakeCommands>
      </Target>
      <Target title="lex_executable/fast">
         <Option output="/home/lauft/Projects/timew/src/lex" prefix_auto="0" extension_auto="0" />
         <Option working_dir="/home/lauft/Projects/timew/src" />
         <Option object_output="./" />
         <Option type="1" />
         <Option compiler="gcc" />
         <Compiler>
            <Add directory="/home/lauft/Projects/timew" />
            <Add directory="/home/lauft/Projects/timew/src" />
            <Add directory="/home/lauft/Projects/timew/src/commands" />
            <Add directory="/home/lauft/Projects/timew/src/libshared/src" />
            <Add directory="/usr/include" />
            <Add directory="/usr/include/c++/5" />
            <Add directory="/usr/include/c++/5/backward" />
            <Add directory="/usr/include/x86_64-linux-gnu" />
            <Add directory="/usr/include/x86_64-linux-gnu/c++/5" />
            <Add directory="/usr/lib/gcc/x86_64-linux-gnu/5/include" />
            <Add directory="/usr/lib/gcc/x86_64-linux-gnu/5/include-fixed" />
            <Add directory="/usr/local/include" />
         </Compiler>
         <MakeCommands>
            <Build command="/usr/bin/make -f &quot;/home/lauft/Projects/timew/src/Makefile&quot;  VERBOSE=1 lex_executable/fast" />
            <CompileFile command="/usr/bin/make -f &quot;/home/lauft/Projects/timew/src/Makefile&quot;  VERBOSE=1 &quot;$file&quot;" />
            <Clean command="/usr/bin/make -f &quot;/home/lauft/Projects/timew/src/Makefile&quot;  VERBOSE=1 clean" />
            <DistClean command="/usr/bin/make -f &quot;/home/lauft/Projects/timew/src/Makefile&quot;  VERBOSE=1 clean" />
         </MakeCommands>
      </Target>
      <Target title="timew">
         <Option output="/home/lauft/Projects/timew/src/libtimew.a" prefix_auto="0" extension_auto="0" />
         <Option working_dir="/home/lauft/Projects/timew/src" />
         <Option object_output="./" />
         <Option type="2" />
         <Option compiler="gcc" />
         <Compiler>
            <Add directory="/home/lauft/Projects/timew" />
            <Add directory="/home/lauft/Projects/timew/src" />
            <Add directory="/home/lauft/Projects/timew/src/commands" />
            <Add directory="/home/lauft/Projects/timew/src/libshared/src" />
            <Add directory="/usr/include" />
            <Add directory="/usr/include/c++/5" />
            <Add directory="/usr/include/c++/5/backward" />
            <Add directory="/usr/include/x86_64-linux-gnu" />
            <Add directory="/usr/include/x86_64-linux-gnu/c++/5" />
            <Add directory="/usr/lib/gcc/x86_64-linux-gnu/5/include" />
            <Add directory="/usr/lib/gcc/x86_64-linux-gnu/5/include-fixed" />
            <Add directory="/usr/local/include" />
         </Compiler>
         <MakeCommands>
            <Build command="/usr/bin/make -f &quot;/home/lauft/Projects/timew/src/Makefile&quot;  VERBOSE=1 timew" />
            <CompileFile command="/usr/bin/make -f &quot;/home/lauft/Projects/timew/src/Makefile&quot;  VERBOSE=1 &quot;$file&quot;" />
            <Clean command="/usr/bin/make -f &quot;/home/lauft/Projects/timew/src/Makefile&quot;  VERBOSE=1 clean" />
            <DistClean command="/usr/bin/make -f &quot;/home/lauft/Projects/timew/src/Makefile&quot;  VERBOSE=1 clean" />
         </MakeCommands>
      </Target>
      <Target title="timew/fast">
         <Option output="/home/lauft/Projects/timew/src/libtimew.a" prefix_auto="0" extension_auto="0" />
         <Option working_dir="/home/lauft/Projects/timew/src" />
         <Option object_output="./" />
         <Option type="2" />
         <Option compiler="gcc" />
         <Compiler>
            <Add directory="/home/lauft/Projects/timew" />
            <Add directory="/home/lauft/Projects/timew/src" />
            <Add directory="/home/lauft/Projects/timew/src/commands" />
            <Add directory="/home/lauft/Projects/timew/src/libshared/src" />
            <Add directory="/usr/include" />
            <Add directory="/usr/include/c++/5" />
            <Add directory="/usr/include/c++/5/backward" />
            <Add directory="/usr/include/x86_64-linux-gnu" />
            <Add directory="/usr/include/x86_64-linux-gnu/c++/5" />
            <Add directory="/usr/lib/gcc/x86_64-linux-gnu/5/include" />
            <Add directory="/usr/lib/gcc/x86_64-linux-gnu/5/include-fixed" />
            <Add directory="/usr/local/include" />
         </Compiler>
         <MakeCommands>
            <Build command="/usr/bin/make -f &quot;/home/lauft/Projects/timew/src/Makefile&quot;  VERBOSE=1 timew/fast" />
            <CompileFile command="/usr/bin/make -f &quot;/home/lauft/Projects/timew/src/Makefile&quot;  VERBOSE=1 &quot;$file&quot;" />
            <Clean command="/usr/bin/make -f &quot;/home/lauft/Projects/timew/src/Makefile&quot;  VERBOSE=1 clean" />
            <DistClean command="/usr/bin/make -f &quot;/home/lauft/Projects/timew/src/Makefile&quot;  VERBOSE=1 clean" />
         </MakeCommands>
      </Target>
      <Target title="libshared">
         <Option output="/home/lauft/Projects/timew/src/liblibshared.a" prefix_auto="0" extension_auto="0" />
         <Option working_dir="/home/lauft/Projects/timew/src" />
         <Option object_output="./" />
         <Option type="2" />
         <Option compiler="gcc" />
         <Compiler>
            <Add directory="/home/lauft/Projects/timew" />
            <Add directory="/home/lauft/Projects/timew/src" />
            <Add directory="/home/lauft/Projects/timew/src/commands" />
            <Add directory="/home/lauft/Projects/timew/src/libshared/src" />
            <Add directory="/usr/include" />
            <Add directory="/usr/include/c++/5" />
            <Add directory="/usr/include/c++/5/backward" />
            <Add directory="/usr/include/x86_64-linux-gnu" />
            <Add directory="/usr/include/x86_64-linux-gnu/c++/5" />
            <Add directory="/usr/lib/gcc/x86_64-linux-gnu/5/include" />
            <Add directory="/usr/lib/gcc/x86_64-linux-gnu/5/include-fixed" />
            <Add directory="/usr/local/include" />
         </Compiler>
         <MakeCommands>
            <Build command="/usr/bin/make -f &quot;/home/lauft/Projects/timew/src/Makefile&quot;  VERBOSE=1 libshared" />
            <CompileFile command="/usr/bin/make -f &quot;/home/lauft/Projects/timew/src/Makefile&quot;  VERBOSE=1 &quot;$file&quot;" />
            <Clean command="/usr/bin/make -f &quot;/home/lauft/Projects/timew/src/Makefile&quot;  VERBOSE=1 clean" />
            <DistClean command="/usr/bin/make -f &quot;/home/lauft/Projects/timew/src/Makefile&quot;  VERBOSE=1 clean" />
         </MakeCommands>
      </Target>
      <Target title="libshared/fast">
         <Option output="/home/lauft/Projects/timew/src/liblibshared.a" prefix_auto="0" extension_auto="0" />
         <Option working_dir="/home/lauft/Projects/timew/src" />
         <Option object_output="./" />
         <Option type="2" />
         <Option compiler="gcc" />
         <Compiler>
            <Add directory="/home/lauft/Projects/timew" />
            <Add directory="/home/lauft/Projects/timew/src" />
            <Add directory="/home/lauft/Projects/timew/src/commands" />
            <Add directory="/home/lauft/Projects/timew/src/libshared/src" />
            <Add directory="/usr/include" />
            <Add directory="/usr/include/c++/5" />
            <Add directory="/usr/include/c++/5/backward" />
            <Add directory="/usr/include/x86_64-linux-gnu" />
            <Add directory="/usr/include/x86_64-linux-gnu/c++/5" />
            <Add directory="/usr/lib/gcc/x86_64-linux-gnu/5/include" />
            <Add directory="/usr/lib/gcc/x86_64-linux-gnu/5/include-fixed" />
            <Add directory="/usr/local/include" />
         </Compiler>
         <MakeCommands>
            <Build command="/usr/bin/make -f &quot;/home/lauft/Projects/timew/src/Makefile&quot;  VERBOSE=1 libshared/fast" />
            <CompileFile command="/usr/bin/make -f &quot;/home/lauft/Projects/timew/src/Makefile&quot;  VERBOSE=1 &quot;$file&quot;" />
            <Clean command="/usr/bin/make -f &quot;/home/lauft/Projects/timew/src/Makefile&quot;  VERBOSE=1 clean" />
            <DistClean command="/usr/bin/make -f &quot;/home/lauft/Projects/timew/src/Makefile&quot;  VERBOSE=1 clean" />
         </MakeCommands>
      </Target>
      <Target title="commands">
         <Option output="/home/lauft/Projects/timew/src/commands/libcommands.a" prefix_auto="0" extension_auto="0" />
         <Option working_dir="/home/lauft/Projects/timew/src/commands" />
         <Option object_output="./" />
         <Option type="2" />
         <Option compiler="gcc" />
         <Compiler>
            <Add directory="/home/lauft/Projects/timew" />
            <Add directory="/home/lauft/Projects/timew/src" />
            <Add directory="/home/lauft/Projects/timew/src/commands" />
            <Add directory="/home/lauft/Projects/timew/src/libshared/src" />
            <Add directory="/usr/include" />
            <Add directory="/usr/include/c++/5" />
            <Add directory="/usr/include/c++/5/backward" />
            <Add directory="/usr/include/x86_64-linux-gnu" />
            <Add directory="/usr/include/x86_64-linux-gnu/c++/5" />
            <Add directory="/usr/lib/gcc/x86_64-linux-gnu/5/include" />
            <Add directory="/usr/lib/gcc/x86_64-linux-gnu/5/include-fixed" />
            <Add directory="/usr/local/include" />
         </Compiler>
         <MakeCommands>
            <Build command="/usr/bin/make -f &quot;/home/lauft/Projects/timew/src/commands/Makefile&quot;  VERBOSE=1 commands" />
            <CompileFile command="/usr/bin/make -f &quot;/home/lauft/Projects/timew/src/commands/Makefile&quot;  VERBOSE=1 &quot;$file&quot;" />
            <Clean command="/usr/bin/make -f &quot;/home/lauft/Projects/timew/src/commands/Makefile&quot;  VERBOSE=1 clean" />
            <DistClean command="/usr/bin/make -f &quot;/home/lauft/Projects/timew/src/commands/Makefile&quot;  VERBOSE=1 clean" />
         </MakeCommands>
      </Target>
      <Target title="commands/fast">
         <Option output="/home/lauft/Projects/timew/src/commands/libcommands.a" prefix_auto="0" extension_auto="0" />
         <Option working_dir="/home/lauft/Projects/timew/src/commands" />
         <Option object_output="./" />
         <Option type="2" />
         <Option compiler="gcc" />
         <Compiler>
            <Add directory="/home/lauft/Projects/timew" />
            <Add directory="/home/lauft/Projects/timew/src" />
            <Add directory="/home/lauft/Projects/timew/src/commands" />
            <Add directory="/home/lauft/Projects/timew/src/libshared/src" />
            <Add directory="/usr/include" />
            <Add directory="/usr/include/c++/5" />
            <Add directory="/usr/include/c++/5/backward" />
            <Add directory="/usr/include/x86_64-linux-gnu" />
            <Add directory="/usr/include/x86_64-linux-gnu/c++/5" />
            <Add directory="/usr/lib/gcc/x86_64-linux-gnu/5/include" />
            <Add directory="/usr/lib/gcc/x86_64-linux-gnu/5/include-fixed" />
            <Add directory="/usr/local/include" />
         </Compiler>
         <MakeCommands>
            <Build command="/usr/bin/make -f &quot;/home/lauft/Projects/timew/src/commands/Makefile&quot;  VERBOSE=1 commands/fast" />
            <CompileFile command="/usr/bin/make -f &quot;/home/lauft/Projects/timew/src/commands/Makefile&quot;  VERBOSE=1 &quot;$file&quot;" />
            <Clean command="/usr/bin/make -f &quot;/home/lauft/Projects/timew/src/commands/Makefile&quot;  VERBOSE=1 clean" />
            <DistClean command="/usr/bin/make -f &quot;/home/lauft/Projects/timew/src/commands/Makefile&quot;  VERBOSE=1 clean" />
         </MakeCommands>
      </Target>
      <Target title="helper.t">
         <Option output="/home/lauft/Projects/timew/test/helper.t" prefix_auto="0" extension_auto="0" />
         <Option working_dir="/home/lauft/Projects/timew/test" />
         <Option object_output="./" />
         <Option type="1" />
         <Option compiler="gcc" />
         <Compiler>
            <Add directory="/home/lauft/Projects/timew" />
            <Add directory="/home/lauft/Projects/timew/src" />
            <Add directory="/home/lauft/Projects/timew/src/libshared/src" />
            <Add directory="/home/lauft/Projects/timew/test" />
            <Add directory="/usr/include" />
            <Add directory="/usr/include/c++/5" />
            <Add directory="/usr/include/c++/5/backward" />
            <Add directory="/usr/include/x86_64-linux-gnu" />
            <Add directory="/usr/include/x86_64-linux-gnu/c++/5" />
            <Add directory="/usr/lib/gcc/x86_64-linux-gnu/5/include" />
            <Add directory="/usr/lib/gcc/x86_64-linux-gnu/5/include-fixed" />
            <Add directory="/usr/local/include" />
         </Compiler>
         <MakeCommands>
            <Build command="/usr/bin/make -f &quot;/home/lauft/Projects/timew/test/Makefile&quot;  VERBOSE=1 helper.t" />
            <CompileFile command="/usr/bin/make -f &quot;/home/lauft/Projects/timew/test/Makefile&quot;  VERBOSE=1 &quot;$file&quot;" />
            <Clean command="/usr/bin/make -f &quot;/home/lauft/Projects/timew/test/Makefile&quot;  VERBOSE=1 clean" />
            <DistClean command="/usr/bin/make -f &quot;/home/lauft/Projects/timew/test/Makefile&quot;  VERBOSE=1 clean" />
         </MakeCommands>
      </Target>
      <Target title="helper.t/fast">
         <Option output="/home/lauft/Projects/timew/test/helper.t" prefix_auto="0" extension_auto="0" />
         <Option working_dir="/home/lauft/Projects/timew/test" />
         <Option object_output="./" />
         <Option type="1" />
         <Option compiler="gcc" />
         <Compiler>
            <Add directory="/home/lauft/Projects/timew" />
            <Add directory="/home/lauft/Projects/timew/src" />
            <Add directory="/home/lauft/Projects/timew/src/libshared/src" />
            <Add directory="/home/lauft/Projects/timew/test" />
            <Add directory="/usr/include" />
            <Add directory="/usr/include/c++/5" />
            <Add directory="/usr/include/c++/5/backward" />
            <Add directory="/usr/include/x86_64-linux-gnu" />
            <Add directory="/usr/include/x86_64-linux-gnu/c++/5" />
            <Add directory="/usr/lib/gcc/x86_64-linux-gnu/5/include" />
            <Add directory="/usr/lib/gcc/x86_64-linux-gnu/5/include-fixed" />
            <Add directory="/usr/local/include" />
         </Compiler>
         <MakeCommands>
            <Build command="/usr/bin/make -f &quot;/home/lauft/Projects/timew/test/Makefile&quot;  VERBOSE=1 helper.t/fast" />
            <CompileFile command="/usr/bin/make -f &quot;/home/lauft/Projects/timew/test/Makefile&quot;  VERBOSE=1 &quot;$file&quot;" />
            <Clean command="/usr/bin/make -f &quot;/home/lauft/Projects/timew/test/Makefile&quot;  VERBOSE=1 clean" />
            <DistClean command="/usr/bin/make -f &quot;/home/lauft/Projects/timew/test/Makefile&quot;  VERBOSE=1 clean" />
         </MakeCommands>
      </Target>
      <Target title="util.t">
         <Option output="/home/lauft/Projects/timew/test/util.t" prefix_auto="0" extension_auto="0" />
         <Option working_dir="/home/lauft/Projects/timew/test" />
         <Option object_output="./" />
         <Option type="1" />
         <Option compiler="gcc" />
         <Compiler>
            <Add directory="/home/lauft/Projects/timew" />
            <Add directory="/home/lauft/Projects/timew/src" />
            <Add directory="/home/lauft/Projects/timew/src/libshared/src" />
            <Add directory="/home/lauft/Projects/timew/test" />
            <Add directory="/usr/include" />
            <Add directory="/usr/include/c++/5" />
            <Add directory="/usr/include/c++/5/backward" />
            <Add directory="/usr/include/x86_64-linux-gnu" />
            <Add directory="/usr/include/x86_64-linux-gnu/c++/5" />
            <Add directory="/usr/lib/gcc/x86_64-linux-gnu/5/include" />
            <Add directory="/usr/lib/gcc/x86_64-linux-gnu/5/include-fixed" />
            <Add directory="/usr/local/include" />
         </Compiler>
         <MakeCommands>
            <Build command="/usr/bin/make -f &quot;/home/lauft/Projects/timew/test/Makefile&quot;  VERBOSE=1 util.t" />
            <CompileFile command="/usr/bin/make -f &quot;/home/lauft/Projects/timew/test/Makefile&quot;  VERBOSE=1 &quot;$file&quot;" />
            <Clean command="/usr/bin/make -f &quot;/home/lauft/Projects/timew/test/Makefile&quot;  VERBOSE=1 clean" />
            <DistClean command="/usr/bin/make -f &quot;/home/lauft/Projects/timew/test/Makefile&quot;  VERBOSE=1 clean" />
         </MakeCommands>
      </Target>
      <Target title="util.t/fast">
         <Option output="/home/lauft/Projects/timew/test/util.t" prefix_auto="0" extension_auto="0" />
         <Option working_dir="/home/lauft/Projects/timew/test" />
         <Option object_output="./" />
         <Option type="1" />
         <Option compiler="gcc" />
         <Compiler>
            <Add directory="/home/lauft/Projects/timew" />
            <Add directory="/home/lauft/Projects/timew/src" />
            <Add directory="/home/lauft/Projects/timew/src/libshared/src" />
            <Add directory="/home/lauft/Projects/timew/test" />
            <Add directory="/usr/include" />
            <Add directory="/usr/include/c++/5" />
            <Add directory="/usr/include/c++/5/backward" />
            <Add directory="/usr/include/x86_64-linux-gnu" />
            <Add directory="/usr/include/x86_64-linux-gnu/c++/5" />
            <Add directory="/usr/lib/gcc/x86_64-linux-gnu/5/include" />
            <Add directory="/usr/lib/gcc/x86_64-linux-gnu/5/include-fixed" />
            <Add directory="/usr/local/include" />
         </Compiler>
         <MakeCommands>
            <Build command="/usr/bin/make -f &quot;/home/lauft/Projects/timew/test/Makefile&quot;  VERBOSE=1 util.t/fast" />
            <CompileFile command="/usr/bin/make -f &quot;/home/lauft/Projects/timew/test/Makefile&quot;  VERBOSE=1 &quot;$file&quot;" />
            <Clean command="/usr/bin/make -f &quot;/home/lauft/Projects/timew/test/Makefile&quot;  VERBOSE=1 clean" />
            <DistClean command="/usr/bin/make -f &quot;/home/lauft/Projects/timew/test/Makefile&quot;  VERBOSE=1 clean" />
         </MakeCommands>
      </Target>
      <Target title="exclusion.t">
         <Option output="/home/lauft/Projects/timew/test/exclusion.t" prefix_auto="0" extension_auto="0" />
         <Option working_dir="/home/lauft/Projects/timew/test" />
         <Option object_output="./" />
         <Option type="1" />
         <Option compiler="gcc" />
         <Compiler>
            <Add directory="/home/lauft/Projects/timew" />
            <Add directory="/home/lauft/Projects/timew/src" />
            <Add directory="/home/lauft/Projects/timew/src/libshared/src" />
            <Add directory="/home/lauft/Projects/timew/test" />
            <Add directory="/usr/include" />
            <Add directory="/usr/include/c++/5" />
            <Add directory="/usr/include/c++/5/backward" />
            <Add directory="/usr/include/x86_64-linux-gnu" />
            <Add directory="/usr/include/x86_64-linux-gnu/c++/5" />
            <Add directory="/usr/lib/gcc/x86_64-linux-gnu/5/include" />
            <Add directory="/usr/lib/gcc/x86_64-linux-gnu/5/include-fixed" />
            <Add directory="/usr/local/include" />
         </Compiler>
         <MakeCommands>
            <Build command="/usr/bin/make -f &quot;/home/lauft/Projects/timew/test/Makefile&quot;  VERBOSE=1 exclusion.t" />
            <CompileFile command="/usr/bin/make -f &quot;/home/lauft/Projects/timew/test/Makefile&quot;  VERBOSE=1 &quot;$file&quot;" />
            <Clean command="/usr/bin/make -f &quot;/home/lauft/Projects/timew/test/Makefile&quot;  VERBOSE=1 clean" />
            <DistClean command="/usr/bin/make -f &quot;/home/lauft/Projects/timew/test/Makefile&quot;  VERBOSE=1 clean" />
         </MakeCommands>
      </Target>
      <Target title="exclusion.t/fast">
         <Option output="/home/lauft/Projects/timew/test/exclusion.t" prefix_auto="0" extension_auto="0" />
         <Option working_dir="/home/lauft/Projects/timew/test" />
         <Option object_output="./" />
         <Option type="1" />
         <Option compiler="gcc" />
         <Compiler>
            <Add directory="/home/lauft/Projects/timew" />
            <Add directory="/home/lauft/Projects/timew/src" />
            <Add directory="/home/lauft/Projects/timew/src/libshared/src" />
            <Add directory="/home/lauft/Projects/timew/test" />
            <Add directory="/usr/include" />
            <Add directory="/usr/include/c++/5" />
            <Add directory="/usr/include/c++/5/backward" />
            <Add directory="/usr/include/x86_64-linux-gnu" />
            <Add directory="/usr/include/x86_64-linux-gnu/c++/5" />
            <Add directory="/usr/lib/gcc/x86_64-linux-gnu/5/include" />
            <Add directory="/usr/lib/gcc/x86_64-linux-gnu/5/include-fixed" />
            <Add directory="/usr/local/include" />
         </Compiler>
         <MakeCommands>
            <Build command="/usr/bin/make -f &quot;/home/lauft/Projects/timew/test/Makefile&quot;  VERBOSE=1 exclusion.t/fast" />
            <CompileFile command="/usr/bin/make -f &quot;/home/lauft/Projects/timew/test/Makefile&quot;  VERBOSE=1 &quot;$file&quot;" />
            <Clean command="/usr/bin/make -f &quot;/home/lauft/Projects/timew/test/Makefile&quot;  VERBOSE=1 clean" />
            <DistClean command="/usr/bin/make -f &quot;/home/lauft/Projects/timew/test/Makefile&quot;  VERBOSE=1 clean" />
         </MakeCommands>
      </Target>
      <Target title="test">
         <Option working_dir="/home/lauft/Projects/timew/test" />
         <Option type="4" />
         <MakeCommands>
            <Build command="/usr/bin/make -f &quot;/home/lauft/Projects/timew/test/Makefile&quot;  VERBOSE=1 test" />
            <CompileFile command="/usr/bin/make -f &quot;/home/lauft/Projects/timew/test/Makefile&quot;  VERBOSE=1 &quot;$file&quot;" />
            <Clean command="/usr/bin/make -f &quot;/home/lauft/Projects/timew/test/Makefile&quot;  VERBOSE=1 clean" />
            <DistClean command="/usr/bin/make -f &quot;/home/lauft/Projects/timew/test/Makefile&quot;  VERBOSE=1 clean" />
         </MakeCommands>
      </Target>
      <Target title="data.t">
         <Option output="/home/lauft/Projects/timew/test/data.t" prefix_auto="0" extension_auto="0" />
         <Option working_dir="/home/lauft/Projects/timew/test" />
         <Option object_output="./" />
         <Option type="1" />
         <Option compiler="gcc" />
         <Compiler>
            <Add directory="/home/lauft/Projects/timew" />
            <Add directory="/home/lauft/Projects/timew/src" />
            <Add directory="/home/lauft/Projects/timew/src/libshared/src" />
            <Add directory="/home/lauft/Projects/timew/test" />
            <Add directory="/usr/include" />
            <Add directory="/usr/include/c++/5" />
            <Add directory="/usr/include/c++/5/backward" />
            <Add directory="/usr/include/x86_64-linux-gnu" />
            <Add directory="/usr/include/x86_64-linux-gnu/c++/5" />
            <Add directory="/usr/lib/gcc/x86_64-linux-gnu/5/include" />
            <Add directory="/usr/lib/gcc/x86_64-linux-gnu/5/include-fixed" />
            <Add directory="/usr/local/include" />
         </Compiler>
         <MakeCommands>
            <Build command="/usr/bin/make -f &quot;/home/lauft/Projects/timew/test/Makefile&quot;  VERBOSE=1 data.t" />
            <CompileFile command="/usr/bin/make -f &quot;/home/lauft/Projects/timew/test/Makefile&quot;  VERBOSE=1 &quot;$file&quot;" />
            <Clean command="/usr/bin/make -f &quot;/home/lauft/Projects/timew/test/Makefile&quot;  VERBOSE=1 clean" />
            <DistClean command="/usr/bin/make -f &quot;/home/lauft/Projects/timew/test/Makefile&quot;  VERBOSE=1 clean" />
         </MakeCommands>
      </Target>
      <Target title="data.t/fast">
         <Option output="/home/lauft/Projects/timew/test/data.t" prefix_auto="0" extension_auto="0" />
         <Option working_dir="/home/lauft/Projects/timew/test" />
         <Option object_output="./" />
         <Option type="1" />
         <Option compiler="gcc" />
         <Compiler>
            <Add directory="/home/lauft/Projects/timew" />
            <Add directory="/home/lauft/Projects/timew/src" />
            <Add directory="/home/lauft/Projects/timew/src/libshared/src" />
            <Add directory="/home/lauft/Projects/timew/test" />
            <Add directory="/usr/include" />
            <Add directory="/usr/include/c++/5" />
            <Add directory="/usr/include/c++/5/backward" />
            <Add directory="/usr/include/x86_64-linux-gnu" />
            <Add directory="/usr/include/x86_64-linux-gnu/c++/5" />
            <Add directory="/usr/lib/gcc/x86_64-linux-gnu/5/include" />
            <Add directory="/usr/lib/gcc/x86_64-linux-gnu/5/include-fixed" />
            <Add directory="/usr/local/include" />
         </Compiler>
         <MakeCommands>
            <Build command="/usr/bin/make -f &quot;/home/lauft/Projects/timew/test/Makefile&quot;  VERBOSE=1 data.t/fast" />
            <CompileFile command="/usr/bin/make -f &quot;/home/lauft/Projects/timew/test/Makefile&quot;  VERBOSE=1 &quot;$file&quot;" />
            <Clean command="/usr/bin/make -f &quot;/home/lauft/Projects/timew/test/Makefile&quot;  VERBOSE=1 clean" />
            <DistClean command="/usr/bin/make -f &quot;/home/lauft/Projects/timew/test/Makefile&quot;  VERBOSE=1 clean" />
         </MakeCommands>
      </Target>
      <Target title="interval.t">
         <Option output="/home/lauft/Projects/timew/test/interval.t" prefix_auto="0" extension_auto="0" />
         <Option working_dir="/home/lauft/Projects/timew/test" />
         <Option object_output="./" />
         <Option type="1" />
         <Option compiler="gcc" />
         <Compiler>
            <Add directory="/home/lauft/Projects/timew" />
            <Add directory="/home/lauft/Projects/timew/src" />
            <Add directory="/home/lauft/Projects/timew/src/libshared/src" />
            <Add directory="/home/lauft/Projects/timew/test" />
            <Add directory="/usr/include" />
            <Add directory="/usr/include/c++/5" />
            <Add directory="/usr/include/c++/5/backward" />
            <Add directory="/usr/include/x86_64-linux-gnu" />
            <Add directory="/usr/include/x86_64-linux-gnu/c++/5" />
            <Add directory="/usr/lib/gcc/x86_64-linux-gnu/5/include" />
            <Add directory="/usr/lib/gcc/x86_64-linux-gnu/5/include-fixed" />
            <Add directory="/usr/local/include" />
         </Compiler>
         <MakeCommands>
            <Build command="/usr/bin/make -f &quot;/home/lauft/Projects/timew/test/Makefile&quot;  VERBOSE=1 interval.t" />
            <CompileFile command="/usr/bin/make -f &quot;/home/lauft/Projects/timew/test/Makefile&quot;  VERBOSE=1 &quot;$file&quot;" />
            <Clean command="/usr/bin/make -f &quot;/home/lauft/Projects/timew/test/Makefile&quot;  VERBOSE=1 clean" />
            <DistClean command="/usr/bin/make -f &quot;/home/lauft/Projects/timew/test/Makefile&quot;  VERBOSE=1 clean" />
         </MakeCommands>
      </Target>
      <Target title="interval.t/fast">
         <Option output="/home/lauft/Projects/timew/test/interval.t" prefix_auto="0" extension_auto="0" />
         <Option working_dir="/home/lauft/Projects/timew/test" />
         <Option object_output="./" />
         <Option type="1" />
         <Option compiler="gcc" />
         <Compiler>
            <Add directory="/home/lauft/Projects/timew" />
            <Add directory="/home/lauft/Projects/timew/src" />
            <Add directory="/home/lauft/Projects/timew/src/libshared/src" />
            <Add directory="/home/lauft/Projects/timew/test" />
            <Add directory="/usr/include" />
            <Add directory="/usr/include/c++/5" />
            <Add directory="/usr/include/c++/5/backward" />
            <Add directory="/usr/include/x86_64-linux-gnu" />
            <Add directory="/usr/include/x86_64-linux-gnu/c++/5" />
            <Add directory="/usr/lib/gcc/x86_64-linux-gnu/5/include" />
            <Add directory="/usr/lib/gcc/x86_64-linux-gnu/5/include-fixed" />
            <Add directory="/usr/local/include" />
         </Compiler>
         <MakeCommands>
            <Build command="/usr/bin/make -f &quot;/home/lauft/Projects/timew/test/Makefile&quot;  VERBOSE=1 interval.t/fast" />
            <CompileFile command="/usr/bin/make -f &quot;/home/lauft/Projects/timew/test/Makefile&quot;  VERBOSE=1 &quot;$file&quot;" />
            <Clean command="/usr/bin/make -f &quot;/home/lauft/Projects/timew/test/Makefile&quot;  VERBOSE=1 clean" />
            <DistClean command="/usr/bin/make -f &quot;/home/lauft/Projects/timew/test/Makefile&quot;  VERBOSE=1 clean" />
         </MakeCommands>
      </Target>
      <Target title="range.t">
         <Option output="/home/lauft/Projects/timew/test/range.t" prefix_auto="0" extension_auto="0" />
         <Option working_dir="/home/lauft/Projects/timew/test" />
         <Option object_output="./" />
         <Option type="1" />
         <Option compiler="gcc" />
         <Compiler>
            <Add directory="/home/lauft/Projects/timew" />
            <Add directory="/home/lauft/Projects/timew/src" />
            <Add directory="/home/lauft/Projects/timew/src/libshared/src" />
            <Add directory="/home/lauft/Projects/timew/test" />
            <Add directory="/usr/include" />
            <Add directory="/usr/include/c++/5" />
            <Add directory="/usr/include/c++/5/backward" />
            <Add directory="/usr/include/x86_64-linux-gnu" />
            <Add directory="/usr/include/x86_64-linux-gnu/c++/5" />
            <Add directory="/usr/lib/gcc/x86_64-linux-gnu/5/include" />
            <Add directory="/usr/lib/gcc/x86_64-linux-gnu/5/include-fixed" />
            <Add directory="/usr/local/include" />
         </Compiler>
         <MakeCommands>
            <Build command="/usr/bin/make -f &quot;/home/lauft/Projects/timew/test/Makefile&quot;  VERBOSE=1 range.t" />
            <CompileFile command="/usr/bin/make -f &quot;/home/lauft/Projects/timew/test/Makefile&quot;  VERBOSE=1 &quot;$file&quot;" />
            <Clean command="/usr/bin/make -f &quot;/home/lauft/Projects/timew/test/Makefile&quot;  VERBOSE=1 clean" />
            <DistClean command="/usr/bin/make -f &quot;/home/lauft/Projects/timew/test/Makefile&quot;  VERBOSE=1 clean" />
         </MakeCommands>
      </Target>
      <Target title="range.t/fast">
         <Option output="/home/lauft/Projects/timew/test/range.t" prefix_auto="0" extension_auto="0" />
         <Option working_dir="/home/lauft/Projects/timew/test" />
         <Option object_output="./" />
         <Option type="1" />
         <Option compiler="gcc" />
         <Compiler>
            <Add directory="/home/lauft/Projects/timew" />
            <Add directory="/home/lauft/Projects/timew/src" />
            <Add directory="/home/lauft/Projects/timew/src/libshared/src" />
            <Add directory="/home/lauft/Projects/timew/test" />
            <Add directory="/usr/include" />
            <Add directory="/usr/include/c++/5" />
            <Add directory="/usr/include/c++/5/backward" />
            <Add directory="/usr/include/x86_64-linux-gnu" />
            <Add directory="/usr/include/x86_64-linux-gnu/c++/5" />
            <Add directory="/usr/lib/gcc/x86_64-linux-gnu/5/include" />
            <Add directory="/usr/lib/gcc/x86_64-linux-gnu/5/include-fixed" />
            <Add directory="/usr/local/include" />
         </Compiler>
         <MakeCommands>
            <Build command="/usr/bin/make -f &quot;/home/lauft/Projects/timew/test/Makefile&quot;  VERBOSE=1 range.t/fast" />
            <CompileFile command="/usr/bin/make -f &quot;/home/lauft/Projects/timew/test/Makefile&quot;  VERBOSE=1 &quot;$file&quot;" />
            <Clean command="/usr/bin/make -f &quot;/home/lauft/Projects/timew/test/Makefile&quot;  VERBOSE=1 clean" />
            <DistClean command="/usr/bin/make -f &quot;/home/lauft/Projects/timew/test/Makefile&quot;  VERBOSE=1 clean" />
         </MakeCommands>
      </Target>
      <Target title="rules.t">
         <Option output="/home/lauft/Projects/timew/test/rules.t" prefix_auto="0" extension_auto="0" />
         <Option working_dir="/home/lauft/Projects/timew/test" />
         <Option object_output="./" />
         <Option type="1" />
         <Option compiler="gcc" />
         <Compiler>
            <Add directory="/home/lauft/Projects/timew" />
            <Add directory="/home/lauft/Projects/timew/src" />
            <Add directory="/home/lauft/Projects/timew/src/libshared/src" />
            <Add directory="/home/lauft/Projects/timew/test" />
            <Add directory="/usr/include" />
            <Add directory="/usr/include/c++/5" />
            <Add directory="/usr/include/c++/5/backward" />
            <Add directory="/usr/include/x86_64-linux-gnu" />
            <Add directory="/usr/include/x86_64-linux-gnu/c++/5" />
            <Add directory="/usr/lib/gcc/x86_64-linux-gnu/5/include" />
            <Add directory="/usr/lib/gcc/x86_64-linux-gnu/5/include-fixed" />
            <Add directory="/usr/local/include" />
         </Compiler>
         <MakeCommands>
            <Build command="/usr/bin/make -f &quot;/home/lauft/Projects/timew/test/Makefile&quot;  VERBOSE=1 rules.t" />
            <CompileFile command="/usr/bin/make -f &quot;/home/lauft/Projects/timew/test/Makefile&quot;  VERBOSE=1 &quot;$file&quot;" />
            <Clean command="/usr/bin/make -f &quot;/home/lauft/Projects/timew/test/Makefile&quot;  VERBOSE=1 clean" />
            <DistClean command="/usr/bin/make -f &quot;/home/lauft/Projects/timew/test/Makefile&quot;  VERBOSE=1 clean" />
         </MakeCommands>
      </Target>
      <Target title="rules.t/fast">
         <Option output="/home/lauft/Projects/timew/test/rules.t" prefix_auto="0" extension_auto="0" />
         <Option working_dir="/home/lauft/Projects/timew/test" />
         <Option object_output="./" />
         <Option type="1" />
         <Option compiler="gcc" />
         <Compiler>
            <Add directory="/home/lauft/Projects/timew" />
            <Add directory="/home/lauft/Projects/timew/src" />
            <Add directory="/home/lauft/Projects/timew/src/libshared/src" />
            <Add directory="/home/lauft/Projects/timew/test" />
            <Add directory="/usr/include" />
            <Add directory="/usr/include/c++/5" />
            <Add directory="/usr/include/c++/5/backward" />
            <Add directory="/usr/include/x86_64-linux-gnu" />
            <Add directory="/usr/include/x86_64-linux-gnu/c++/5" />
            <Add directory="/usr/lib/gcc/x86_64-linux-gnu/5/include" />
            <Add directory="/usr/lib/gcc/x86_64-linux-gnu/5/include-fixed" />
            <Add directory="/usr/local/include" />
         </Compiler>
         <MakeCommands>
            <Build command="/usr/bin/make -f &quot;/home/lauft/Projects/timew/test/Makefile&quot;  VERBOSE=1 rules.t/fast" />
            <CompileFile command="/usr/bin/make -f &quot;/home/lauft/Projects/timew/test/Makefile&quot;  VERBOSE=1 &quot;$file&quot;" />
            <Clean command="/usr/bin/make -f &quot;/home/lauft/Projects/timew/test/Makefile&quot;  VERBOSE=1 clean" />
            <DistClean command="/usr/bin/make -f &quot;/home/lauft/Projects/timew/test/Makefile&quot;  VERBOSE=1 clean" />
         </MakeCommands>
      </Target>
      <Target title="TagInfoDatabase.t">
         <Option output="/home/lauft/Projects/timew/test/TagInfoDatabase.t" prefix_auto="0" extension_auto="0" />
         <Option working_dir="/home/lauft/Projects/timew/test" />
         <Option object_output="./" />
         <Option type="1" />
         <Option compiler="gcc" />
         <Compiler>
            <Add directory="/home/lauft/Projects/timew" />
            <Add directory="/home/lauft/Projects/timew/src" />
            <Add directory="/home/lauft/Projects/timew/src/libshared/src" />
            <Add directory="/home/lauft/Projects/timew/test" />
            <Add directory="/usr/include" />
            <Add directory="/usr/include/c++/5" />
            <Add directory="/usr/include/c++/5/backward" />
            <Add directory="/usr/include/x86_64-linux-gnu" />
            <Add directory="/usr/include/x86_64-linux-gnu/c++/5" />
            <Add directory="/usr/lib/gcc/x86_64-linux-gnu/5/include" />
            <Add directory="/usr/lib/gcc/x86_64-linux-gnu/5/include-fixed" />
            <Add directory="/usr/local/include" />
         </Compiler>
         <MakeCommands>
            <Build command="/usr/bin/make -f &quot;/home/lauft/Projects/timew/test/Makefile&quot;  VERBOSE=1 TagInfoDatabase.t" />
            <CompileFile command="/usr/bin/make -f &quot;/home/lauft/Projects/timew/test/Makefile&quot;  VERBOSE=1 &quot;$file&quot;" />
            <Clean command="/usr/bin/make -f &quot;/home/lauft/Projects/timew/test/Makefile&quot;  VERBOSE=1 clean" />
            <DistClean command="/usr/bin/make -f &quot;/home/lauft/Projects/timew/test/Makefile&quot;  VERBOSE=1 clean" />
         </MakeCommands>
      </Target>
      <Target title="TagInfoDatabase.t/fast">
         <Option output="/home/lauft/Projects/timew/test/TagInfoDatabase.t" prefix_auto="0" extension_auto="0" />
         <Option working_dir="/home/lauft/Projects/timew/test" />
         <Option object_output="./" />
         <Option type="1" />
         <Option compiler="gcc" />
         <Compiler>
            <Add directory="/home/lauft/Projects/timew" />
            <Add directory="/home/lauft/Projects/timew/src" />
            <Add directory="/home/lauft/Projects/timew/src/libshared/src" />
            <Add directory="/home/lauft/Projects/timew/test" />
            <Add directory="/usr/include" />
            <Add directory="/usr/include/c++/5" />
            <Add directory="/usr/include/c++/5/backward" />
            <Add directory="/usr/include/x86_64-linux-gnu" />
            <Add directory="/usr/include/x86_64-linux-gnu/c++/5" />
            <Add directory="/usr/lib/gcc/x86_64-linux-gnu/5/include" />
            <Add directory="/usr/lib/gcc/x86_64-linux-gnu/5/include-fixed" />
            <Add directory="/usr/local/include" />
         </Compiler>
         <MakeCommands>
            <Build command="/usr/bin/make -f &quot;/home/lauft/Projects/timew/test/Makefile&quot;  VERBOSE=1 TagInfoDatabase.t/fast" />
            <CompileFile command="/usr/bin/make -f &quot;/home/lauft/Projects/timew/test/Makefile&quot;  VERBOSE=1 &quot;$file&quot;" />
            <Clean command="/usr/bin/make -f &quot;/home/lauft/Projects/timew/test/Makefile&quot;  VERBOSE=1 clean" />
            <DistClean command="/usr/bin/make -f &quot;/home/lauft/Projects/timew/test/Makefile&quot;  VERBOSE=1 clean" />
         </MakeCommands>
      </Target>
      </Build>
      <Unit filename="/home/lauft/Projects/timew/src/CLI.cpp">
         <Option target="timew"/>
      </Unit>
      <Unit filename="/home/lauft/Projects/timew/src/CLI.h">
         <Option target="timew"/>
      </Unit>
      <Unit filename="/home/lauft/Projects/timew/src/Database.cpp">
         <Option target="timew"/>
      </Unit>
      <Unit filename="/home/lauft/Projects/timew/src/Database.h">
         <Option target="timew"/>
      </Unit>
      <Unit filename="/home/lauft/Projects/timew/src/Datafile.cpp">
         <Option target="timew"/>
      </Unit>
      <Unit filename="/home/lauft/Projects/timew/src/Datafile.h">
         <Option target="timew"/>
      </Unit>
      <Unit filename="/home/lauft/Projects/timew/src/Exclusion.cpp">
         <Option target="timew"/>
      </Unit>
      <Unit filename="/home/lauft/Projects/timew/src/Exclusion.h">
         <Option target="timew"/>
      </Unit>
      <Unit filename="/home/lauft/Projects/timew/src/Extensions.cpp">
         <Option target="timew"/>
      </Unit>
      <Unit filename="/home/lauft/Projects/timew/src/Extensions.h">
         <Option target="timew"/>
      </Unit>
      <Unit filename="/home/lauft/Projects/timew/src/Interval.cpp">
         <Option target="timew"/>
      </Unit>
      <Unit filename="/home/lauft/Projects/timew/src/Interval.h">
         <Option target="timew"/>
      </Unit>
      <Unit filename="/home/lauft/Projects/timew/src/IntervalFactory.cpp">
         <Option target="timew"/>
      </Unit>
      <Unit filename="/home/lauft/Projects/timew/src/IntervalFactory.h">
         <Option target="timew"/>
      </Unit>
      <Unit filename="/home/lauft/Projects/timew/src/Range.cpp">
         <Option target="timew"/>
      </Unit>
      <Unit filename="/home/lauft/Projects/timew/src/Range.h">
         <Option target="timew"/>
      </Unit>
      <Unit filename="/home/lauft/Projects/timew/src/Rules.cpp">
         <Option target="timew"/>
      </Unit>
      <Unit filename="/home/lauft/Projects/timew/src/Rules.h">
         <Option target="timew"/>
      </Unit>
      <Unit filename="/home/lauft/Projects/timew/src/TagInfo.cpp">
         <Option target="timew"/>
      </Unit>
      <Unit filename="/home/lauft/Projects/timew/src/TagInfo.h">
         <Option target="timew"/>
      </Unit>
      <Unit filename="/home/lauft/Projects/timew/src/TagInfoDatabase.cpp">
         <Option target="timew"/>
      </Unit>
      <Unit filename="/home/lauft/Projects/timew/src/TagInfoDatabase.h">
         <Option target="timew"/>
      </Unit>
      <Unit filename="/home/lauft/Projects/timew/src/Transaction.cpp">
         <Option target="timew"/>
      </Unit>
      <Unit filename="/home/lauft/Projects/timew/src/Transaction.h">
         <Option target="timew"/>
      </Unit>
      <Unit filename="/home/lauft/Projects/timew/src/TransactionsFactory.cpp">
         <Option target="timew"/>
      </Unit>
      <Unit filename="/home/lauft/Projects/timew/src/TransactionsFactory.h">
         <Option target="timew"/>
      </Unit>
      <Unit filename="/home/lauft/Projects/timew/src/UndoAction.cpp">
         <Option target="timew"/>
      </Unit>
      <Unit filename="/home/lauft/Projects/timew/src/UndoAction.h">
         <Option target="timew"/>
      </Unit>
      <Unit filename="/home/lauft/Projects/timew/src/commands/CmdAnnotate.cpp">
         <Option target="commands"/>
      </Unit>
      <Unit filename="/home/lauft/Projects/timew/src/commands/CmdCancel.cpp">
         <Option target="commands"/>
      </Unit>
      <Unit filename="/home/lauft/Projects/timew/src/commands/CmdChart.cpp">
         <Option target="commands"/>
      </Unit>
      <Unit filename="/home/lauft/Projects/timew/src/commands/CmdConfig.cpp">
         <Option target="commands"/>
      </Unit>
      <Unit filename="/home/lauft/Projects/timew/src/commands/CmdContinue.cpp">
         <Option target="commands"/>
      </Unit>
      <Unit filename="/home/lauft/Projects/timew/src/commands/CmdDefault.cpp">
         <Option target="commands"/>
      </Unit>
      <Unit filename="/home/lauft/Projects/timew/src/commands/CmdDelete.cpp">
         <Option target="commands"/>
      </Unit>
      <Unit filename="/home/lauft/Projects/timew/src/commands/CmdDiagnostics.cpp">
         <Option target="commands"/>
      </Unit>
      <Unit filename="/home/lauft/Projects/timew/src/commands/CmdExport.cpp">
         <Option target="commands"/>
      </Unit>
      <Unit filename="/home/lauft/Projects/timew/src/commands/CmdExtensions.cpp">
         <Option target="commands"/>
      </Unit>
      <Unit filename="/home/lauft/Projects/timew/src/commands/CmdFill.cpp">
         <Option target="commands"/>
      </Unit>
      <Unit filename="/home/lauft/Projects/timew/src/commands/CmdGaps.cpp">
         <Option target="commands"/>
      </Unit>
      <Unit filename="/home/lauft/Projects/timew/src/commands/CmdGet.cpp">
         <Option target="commands"/>
      </Unit>
      <Unit filename="/home/lauft/Projects/timew/src/commands/CmdHelp.cpp">
         <Option target="commands"/>
      </Unit>
      <Unit filename="/home/lauft/Projects/timew/src/commands/CmdJoin.cpp">
         <Option target="commands"/>
      </Unit>
      <Unit filename="/home/lauft/Projects/timew/src/commands/CmdLengthen.cpp">
         <Option target="commands"/>
      </Unit>
      <Unit filename="/home/lauft/Projects/timew/src/commands/CmdMove.cpp">
         <Option target="commands"/>
      </Unit>
      <Unit filename="/home/lauft/Projects/timew/src/commands/CmdReport.cpp">
         <Option target="commands"/>
      </Unit>
      <Unit filename="/home/lauft/Projects/timew/src/commands/CmdResize.cpp">
         <Option target="commands"/>
      </Unit>
      <Unit filename="/home/lauft/Projects/timew/src/commands/CmdShorten.cpp">
         <Option target="commands"/>
      </Unit>
      <Unit filename="/home/lauft/Projects/timew/src/commands/CmdShow.cpp">
         <Option target="commands"/>
      </Unit>
      <Unit filename="/home/lauft/Projects/timew/src/commands/CmdSplit.cpp">
         <Option target="commands"/>
      </Unit>
      <Unit filename="/home/lauft/Projects/timew/src/commands/CmdStart.cpp">
         <Option target="commands"/>
      </Unit>
      <Unit filename="/home/lauft/Projects/timew/src/commands/CmdStop.cpp">
         <Option target="commands"/>
      </Unit>
      <Unit filename="/home/lauft/Projects/timew/src/commands/CmdSummary.cpp">
         <Option target="commands"/>
      </Unit>
      <Unit filename="/home/lauft/Projects/timew/src/commands/CmdTag.cpp">
         <Option target="commands"/>
      </Unit>
      <Unit filename="/home/lauft/Projects/timew/src/commands/CmdTags.cpp">
         <Option target="commands"/>
      </Unit>
      <Unit filename="/home/lauft/Projects/timew/src/commands/CmdTrack.cpp">
         <Option target="commands"/>
      </Unit>
      <Unit filename="/home/lauft/Projects/timew/src/commands/CmdUndo.cpp">
         <Option target="commands"/>
      </Unit>
      <Unit filename="/home/lauft/Projects/timew/src/commands/CmdUntag.cpp">
         <Option target="commands"/>
      </Unit>
      <Unit filename="/home/lauft/Projects/timew/src/data.cpp">
         <Option target="timew"/>
      </Unit>
      <Unit filename="/home/lauft/Projects/timew/src/dom.cpp">
         <Option target="timew"/>
      </Unit>
      <Unit filename="/home/lauft/Projects/timew/src/helper.cpp">
         <Option target="timew"/>
      </Unit>
      <Unit filename="/home/lauft/Projects/timew/src/init.cpp">
         <Option target="timew"/>
      </Unit>
      <Unit filename="/home/lauft/Projects/timew/src/lex.cpp">
         <Option target="lex_executable"/>
      </Unit>
      <Unit filename="/home/lauft/Projects/timew/src/libshared/src/Args.cpp">
         <Option target="libshared"/>
      </Unit>
      <Unit filename="/home/lauft/Projects/timew/src/libshared/src/Args.h">
         <Option target="libshared"/>
      </Unit>
      <Unit filename="/home/lauft/Projects/timew/src/libshared/src/Color.cpp">
         <Option target="libshared"/>
      </Unit>
      <Unit filename="/home/lauft/Projects/timew/src/libshared/src/Color.h">
         <Option target="libshared"/>
      </Unit>
      <Unit filename="/home/lauft/Projects/timew/src/libshared/src/Composite.cpp">
         <Option target="libshared"/>
      </Unit>
      <Unit filename="/home/lauft/Projects/timew/src/libshared/src/Composite.h">
         <Option target="libshared"/>
      </Unit>
      <Unit filename="/home/lauft/Projects/timew/src/libshared/src/Configuration.cpp">
         <Option target="libshared"/>
      </Unit>
      <Unit filename="/home/lauft/Projects/timew/src/libshared/src/Configuration.h">
         <Option target="libshared"/>
      </Unit>
      <Unit filename="/home/lauft/Projects/timew/src/libshared/src/Datetime.cpp">
         <Option target="libshared"/>
      </Unit>
      <Unit filename="/home/lauft/Projects/timew/src/libshared/src/Datetime.h">
         <Option target="libshared"/>
      </Unit>
      <Unit filename="/home/lauft/Projects/timew/src/libshared/src/Duration.cpp">
         <Option target="libshared"/>
      </Unit>
      <Unit filename="/home/lauft/Projects/timew/src/libshared/src/Duration.h">
         <Option target="libshared"/>
      </Unit>
      <Unit filename="/home/lauft/Projects/timew/src/libshared/src/FS.cpp">
         <Option target="libshared"/>
      </Unit>
      <Unit filename="/home/lauft/Projects/timew/src/libshared/src/FS.h">
         <Option target="libshared"/>
      </Unit>
      <Unit filename="/home/lauft/Projects/timew/src/libshared/src/JSON.cpp">
         <Option target="libshared"/>
      </Unit>
      <Unit filename="/home/lauft/Projects/timew/src/libshared/src/JSON.h">
         <Option target="libshared"/>
      </Unit>
      <Unit filename="/home/lauft/Projects/timew/src/libshared/src/Lexer.cpp">
         <Option target="libshared"/>
      </Unit>
      <Unit filename="/home/lauft/Projects/timew/src/libshared/src/Lexer.h">
         <Option target="libshared"/>
      </Unit>
      <Unit filename="/home/lauft/Projects/timew/src/libshared/src/Msg.cpp">
         <Option target="libshared"/>
      </Unit>
      <Unit filename="/home/lauft/Projects/timew/src/libshared/src/Msg.h">
         <Option target="libshared"/>
      </Unit>
      <Unit filename="/home/lauft/Projects/timew/src/libshared/src/Palette.cpp">
         <Option target="libshared"/>
      </Unit>
      <Unit filename="/home/lauft/Projects/timew/src/libshared/src/Palette.h">
         <Option target="libshared"/>
      </Unit>
      <Unit filename="/home/lauft/Projects/timew/src/libshared/src/Pig.cpp">
         <Option target="libshared"/>
      </Unit>
      <Unit filename="/home/lauft/Projects/timew/src/libshared/src/Pig.h">
         <Option target="libshared"/>
      </Unit>
      <Unit filename="/home/lauft/Projects/timew/src/libshared/src/RX.cpp">
         <Option target="libshared"/>
      </Unit>
      <Unit filename="/home/lauft/Projects/timew/src/libshared/src/RX.h">
         <Option target="libshared"/>
      </Unit>
      <Unit filename="/home/lauft/Projects/timew/src/libshared/src/Table.cpp">
         <Option target="libshared"/>
      </Unit>
      <Unit filename="/home/lauft/Projects/timew/src/libshared/src/Table.h">
         <Option target="libshared"/>
      </Unit>
      <Unit filename="/home/lauft/Projects/timew/src/libshared/src/Timer.cpp">
         <Option target="libshared"/>
      </Unit>
      <Unit filename="/home/lauft/Projects/timew/src/libshared/src/Timer.h">
         <Option target="libshared"/>
      </Unit>
      <Unit filename="/home/lauft/Projects/timew/src/libshared/src/format.cpp">
         <Option target="libshared"/>
      </Unit>
      <Unit filename="/home/lauft/Projects/timew/src/libshared/src/format.h">
         <Option target="libshared"/>
      </Unit>
      <Unit filename="/home/lauft/Projects/timew/src/libshared/src/shared.cpp">
         <Option target="libshared"/>
      </Unit>
      <Unit filename="/home/lauft/Projects/timew/src/libshared/src/shared.h">
         <Option target="libshared"/>
      </Unit>
      <Unit filename="/home/lauft/Projects/timew/src/libshared/src/unicode.cpp">
         <Option target="libshared"/>
      </Unit>
      <Unit filename="/home/lauft/Projects/timew/src/libshared/src/unicode.h">
         <Option target="libshared"/>
      </Unit>
      <Unit filename="/home/lauft/Projects/timew/src/libshared/src/utf8.cpp">
         <Option target="libshared"/>
      </Unit>
      <Unit filename="/home/lauft/Projects/timew/src/libshared/src/utf8.h">
         <Option target="libshared"/>
      </Unit>
      <Unit filename="/home/lauft/Projects/timew/src/libshared/src/wcwidth6.cpp">
         <Option target="libshared"/>
      </Unit>
      <Unit filename="/home/lauft/Projects/timew/src/log.cpp">
         <Option target="timew"/>
      </Unit>
      <Unit filename="/home/lauft/Projects/timew/src/timew.cpp">
         <Option target="timew_executable"/>
      </Unit>
      <Unit filename="/home/lauft/Projects/timew/src/timew.h">
         <Option target="timew_executable"/>
      </Unit>
      <Unit filename="/home/lauft/Projects/timew/src/util.cpp">
         <Option target="timew"/>
      </Unit>
      <Unit filename="/home/lauft/Projects/timew/src/validate.cpp">
         <Option target="timew"/>
      </Unit>
      <Unit filename="/home/lauft/Projects/timew/test/TagInfoDatabase.t.cpp">
         <Option target="TagInfoDatabase.t"/>
      </Unit>
      <Unit filename="/home/lauft/Projects/timew/test/data.t.cpp">
         <Option target="data.t"/>
      </Unit>
      <Unit filename="/home/lauft/Projects/timew/test/exclusion.t.cpp">
         <Option target="exclusion.t"/>
      </Unit>
      <Unit filename="/home/lauft/Projects/timew/test/helper.t.cpp">
         <Option target="helper.t"/>
      </Unit>
      <Unit filename="/home/lauft/Projects/timew/test/interval.t.cpp">
         <Option target="interval.t"/>
      </Unit>
      <Unit filename="/home/lauft/Projects/timew/test/range.t.cpp">
         <Option target="range.t"/>
      </Unit>
      <Unit filename="/home/lauft/Projects/timew/test/rules.t.cpp">
         <Option target="rules.t"/>
      </Unit>
      <Unit filename="/home/lauft/Projects/timew/test/test.cpp">
         <Option target="helper.t"/>
         <Option target="util.t"/>
         <Option target="exclusion.t"/>
         <Option target="data.t"/>
         <Option target="interval.t"/>
         <Option target="range.t"/>
         <Option target="rules.t"/>
         <Option target="TagInfoDatabase.t"/>
      </Unit>
      <Unit filename="/home/lauft/Projects/timew/test/test.h">
         <Option target="helper.t"/>
         <Option target="util.t"/>
         <Option target="exclusion.t"/>
         <Option target="data.t"/>
         <Option target="interval.t"/>
         <Option target="range.t"/>
         <Option target="rules.t"/>
         <Option target="TagInfoDatabase.t"/>
      </Unit>
      <Unit filename="/home/lauft/Projects/timew/test/util.t.cpp">
         <Option target="util.t"/>
      </Unit>
      <Unit filename="/home/lauft/Projects/timew/CMakeLists.txt">
          <Option virtualFolder="CMake Files\" />
      </Unit>
      <Unit filename="/home/lauft/Projects/timew/commit.h.in">
          <Option virtualFolder="CMake Files\" />
      </Unit>
      <Unit filename="/home/lauft/Projects/timew/cmake.h.in">
          <Option virtualFolder="CMake Files\" />
      </Unit>
      <Unit filename="/home/lauft/Projects/timew/cmake/CXXSniffer.cmake">
          <Option virtualFolder="CMake Files\cmake\" />
      </Unit>
      <Unit filename="/home/lauft/Projects/timew/src/CMakeLists.txt">
          <Option virtualFolder="CMake Files\src\" />
      </Unit>
      <Unit filename="/home/lauft/Projects/timew/src/commands/CMakeLists.txt">
          <Option virtualFolder="CMake Files\src\commands\" />
      </Unit>
      <Unit filename="/home/lauft/Projects/timew/doc/CMakeLists.txt">
          <Option virtualFolder="CMake Files\doc\" />
      </Unit>
      <Unit filename="/home/lauft/Projects/timew/doc/man/timew.1.in">
          <Option virtualFolder="CMake Files\doc\man\" />
      </Unit>
      <Unit filename="/home/lauft/Projects/timew/doc/holidays/CMakeLists.txt">
          <Option virtualFolder="CMake Files\doc\holidays\" />
      </Unit>
      <Unit filename="/home/lauft/Projects/timew/doc/themes/CMakeLists.txt">
          <Option virtualFolder="CMake Files\doc\themes\" />
      </Unit>
      <Unit filename="/home/lauft/Projects/timew/ext/CMakeLists.txt">
          <Option virtualFolder="CMake Files\ext\" />
      </Unit>
      <Unit filename="/home/lauft/Projects/timew/test/CMakeLists.txt">
          <Option virtualFolder="CMake Files\test\" />
      </Unit>
      <Unit filename="/home/lauft/Projects/timew/test/run_all">
          <Option virtualFolder="CMake Files\test\" />
      </Unit>
      <Unit filename="/home/lauft/Projects/timew/test/problems">
          <Option virtualFolder="CMake Files\test\" />
      </Unit>
   </Project>
</CodeBlocks_project_file>
